// !$*UTF8*$!
{
	archiveVersion = 1;
	classes = {
	};
	objectVersion = 46;
	objects = {

/* Begin PBXBuildFile section */
		6765DAFA1EFC402600B38628 /* AppDelegate.swift in Sources */ = {isa = PBXBuildFile; fileRef = 6765DAF91EFC402600B38628 /* AppDelegate.swift */; };
		6765DAFC1EFC402600B38628 /* ViewController.swift in Sources */ = {isa = PBXBuildFile; fileRef = 6765DAFB1EFC402600B38628 /* ViewController.swift */; };
		6765DAFF1EFC402600B38628 /* Main.storyboard in Resources */ = {isa = PBXBuildFile; fileRef = 6765DAFD1EFC402600B38628 /* Main.storyboard */; };
		6765DB011EFC402600B38628 /* Assets.xcassets in Resources */ = {isa = PBXBuildFile; fileRef = 6765DB001EFC402600B38628 /* Assets.xcassets */; };
		6765DB041EFC402600B38628 /* LaunchScreen.storyboard in Resources */ = {isa = PBXBuildFile; fileRef = 6765DB021EFC402600B38628 /* LaunchScreen.storyboard */; };
		6765DB1A1EFC413400B38628 /* Info.plist in Resources */ = {isa = PBXBuildFile; fileRef = 6765DB051EFC402600B38628 /* Info.plist */; };
		6765DB1B1EFC41CC00B38628 /* SBCardPopup.framework in Frameworks */ = {isa = PBXBuildFile; fileRef = 6765DB101EFC404900B38628 /* SBCardPopup.framework */; };
		6765DB1C1EFC41CC00B38628 /* SBCardPopup.framework in Embed Frameworks */ = {isa = PBXBuildFile; fileRef = 6765DB101EFC404900B38628 /* SBCardPopup.framework */; settings = {ATTRIBUTES = (CodeSignOnCopy, RemoveHeadersOnCopy, ); }; };
/* End PBXBuildFile section */

/* Begin PBXContainerItemProxy section */
		6765DB0F1EFC404900B38628 /* PBXContainerItemProxy */ = {
			isa = PBXContainerItemProxy;
			containerPortal = 6765DB0B1EFC404900B38628 /* SBCardPopup.xcodeproj */;
			proxyType = 2;
			remoteGlobalIDString = 6765DAE21EFC3FED00B38628;
			remoteInfo = SBCardPopup;
		};
		6765DB1D1EFC41CC00B38628 /* PBXContainerItemProxy */ = {
			isa = PBXContainerItemProxy;
			containerPortal = 6765DB0B1EFC404900B38628 /* SBCardPopup.xcodeproj */;
			proxyType = 1;
			remoteGlobalIDString = 6765DAE11EFC3FED00B38628;
			remoteInfo = SBCardPopup;
		};
/* End PBXContainerItemProxy section */

/* Begin PBXCopyFilesBuildPhase section */
		6765DB1F1EFC41CC00B38628 /* Embed Frameworks */ = {
			isa = PBXCopyFilesBuildPhase;
			buildActionMask = 2147483647;
			dstPath = "";
			dstSubfolderSpec = 10;
			files = (
				6765DB1C1EFC41CC00B38628 /* SBCardPopup.framework in Embed Frameworks */,
			);
			name = "Embed Frameworks";
			runOnlyForDeploymentPostprocessing = 0;
		};
/* End PBXCopyFilesBuildPhase section */

/* Begin PBXFileReference section */
		6765DAF61EFC402600B38628 /* SBCardPopupExample.app */ = {isa = PBXFileReference; explicitFileType = wrapper.application; includeInIndex = 0; path = SBCardPopupExample.app; sourceTree = BUILT_PRODUCTS_DIR; };
		6765DAF91EFC402600B38628 /* AppDelegate.swift */ = {isa = PBXFileReference; lastKnownFileType = sourcecode.swift; path = AppDelegate.swift; sourceTree = "<group>"; };
		6765DAFB1EFC402600B38628 /* ViewController.swift */ = {isa = PBXFileReference; lastKnownFileType = sourcecode.swift; path = ViewController.swift; sourceTree = "<group>"; };
		6765DAFE1EFC402600B38628 /* Base */ = {isa = PBXFileReference; lastKnownFileType = file.storyboard; name = Base; path = Base.lproj/Main.storyboard; sourceTree = "<group>"; };
		6765DB001EFC402600B38628 /* Assets.xcassets */ = {isa = PBXFileReference; lastKnownFileType = folder.assetcatalog; path = Assets.xcassets; sourceTree = "<group>"; };
		6765DB031EFC402600B38628 /* Base */ = {isa = PBXFileReference; lastKnownFileType = file.storyboard; name = Base; path = Base.lproj/LaunchScreen.storyboard; sourceTree = "<group>"; };
		6765DB051EFC402600B38628 /* Info.plist */ = {isa = PBXFileReference; lastKnownFileType = text.plist.xml; path = Info.plist; sourceTree = "<group>"; };
		6765DB0B1EFC404900B38628 /* SBCardPopup.xcodeproj */ = {isa = PBXFileReference; lastKnownFileType = "wrapper.pb-project"; name = SBCardPopup.xcodeproj; path = ../SBCardPopup/SBCardPopup.xcodeproj; sourceTree = "<group>"; };
/* End PBXFileReference section */

/* Begin PBXFrameworksBuildPhase section */
		6765DAF31EFC402600B38628 /* Frameworks */ = {
			isa = PBXFrameworksBuildPhase;
			buildActionMask = 2147483647;
			files = (
				6765DB1B1EFC41CC00B38628 /* SBCardPopup.framework in Frameworks */,
			);
			runOnlyForDeploymentPostprocessing = 0;
		};
/* End PBXFrameworksBuildPhase section */

/* Begin PBXGroup section */
		6765DAED1EFC402600B38628 = {
			isa = PBXGroup;
			children = (
				6765DB0B1EFC404900B38628 /* SBCardPopup.xcodeproj */,
				6765DAF81EFC402600B38628 /* SBCardPopupExample */,
				6765DAF71EFC402600B38628 /* Products */,
			);
			sourceTree = "<group>";
		};
		6765DAF71EFC402600B38628 /* Products */ = {
			isa = PBXGroup;
			children = (
				6765DAF61EFC402600B38628 /* SBCardPopupExample.app */,
			);
			name = Products;
			sourceTree = "<group>";
		};
		6765DAF81EFC402600B38628 /* SBCardPopupExample */ = {
			isa = PBXGroup;
			children = (
				6765DAF91EFC402600B38628 /* AppDelegate.swift */,
				6765DAFB1EFC402600B38628 /* ViewController.swift */,
				6765DAFD1EFC402600B38628 /* Main.storyboard */,
				6765DB001EFC402600B38628 /* Assets.xcassets */,
				6765DB021EFC402600B38628 /* LaunchScreen.storyboard */,
				6765DB051EFC402600B38628 /* Info.plist */,
			);
			path = SBCardPopupExample;
			sourceTree = "<group>";
		};
		6765DB0C1EFC404900B38628 /* Products */ = {
			isa = PBXGroup;
			children = (
				6765DB101EFC404900B38628 /* SBCardPopup.framework */,
			);
			name = Products;
			sourceTree = "<group>";
		};
/* End PBXGroup section */

/* Begin PBXNativeTarget section */
		6765DAF51EFC402600B38628 /* SBCardPopupExample */ = {
			isa = PBXNativeTarget;
			buildConfigurationList = 6765DB081EFC402600B38628 /* Build configuration list for PBXNativeTarget "SBCardPopupExample" */;
			buildPhases = (
				6765DAF21EFC402600B38628 /* Sources */,
				6765DAF31EFC402600B38628 /* Frameworks */,
				6765DAF41EFC402600B38628 /* Resources */,
				6765DB1F1EFC41CC00B38628 /* Embed Frameworks */,
			);
			buildRules = (
			);
			dependencies = (
				6765DB1E1EFC41CC00B38628 /* PBXTargetDependency */,
			);
			name = SBCardPopupExample;
			productName = SBCardPopupExample;
			productReference = 6765DAF61EFC402600B38628 /* SBCardPopupExample.app */;
			productType = "com.apple.product-type.application";
		};
/* End PBXNativeTarget section */

/* Begin PBXProject section */
		6765DAEE1EFC402600B38628 /* Project object */ = {
			isa = PBXProject;
			attributes = {
				LastSwiftUpdateCheck = 0830;
				LastUpgradeCheck = 0830;
				ORGANIZATIONNAME = "Steve Barnegren";
				TargetAttributes = {
					6765DAF51EFC402600B38628 = {
						CreatedOnToolsVersion = 8.3;
						ProvisioningStyle = Automatic;
					};
				};
			};
			buildConfigurationList = 6765DAF11EFC402600B38628 /* Build configuration list for PBXProject "SBCardPopupExample" */;
			compatibilityVersion = "Xcode 3.2";
			developmentRegion = English;
			hasScannedForEncodings = 0;
			knownRegions = (
				en,
				Base,
			);
			mainGroup = 6765DAED1EFC402600B38628;
			productRefGroup = 6765DAF71EFC402600B38628 /* Products */;
			projectDirPath = "";
			projectReferences = (
				{
					ProductGroup = 6765DB0C1EFC404900B38628 /* Products */;
					ProjectRef = 6765DB0B1EFC404900B38628 /* SBCardPopup.xcodeproj */;
				},
			);
			projectRoot = "";
			targets = (
				6765DAF51EFC402600B38628 /* SBCardPopupExample */,
			);
		};
/* End PBXProject section */

/* Begin PBXReferenceProxy section */
		6765DB101EFC404900B38628 /* SBCardPopup.framework */ = {
			isa = PBXReferenceProxy;
			fileType = wrapper.framework;
			path = SBCardPopup.framework;
			remoteRef = 6765DB0F1EFC404900B38628 /* PBXContainerItemProxy */;
			sourceTree = BUILT_PRODUCTS_DIR;
		};
/* End PBXReferenceProxy section */

/* Begin PBXResourcesBuildPhase section */
		6765DAF41EFC402600B38628 /* Resources */ = {
			isa = PBXResourcesBuildPhase;
			buildActionMask = 2147483647;
			files = (
				6765DB1A1EFC413400B38628 /* Info.plist in Resources */,
				6765DB041EFC402600B38628 /* LaunchScreen.storyboard in Resources */,
				6765DB011EFC402600B38628 /* Assets.xcassets in Resources */,
				6765DAFF1EFC402600B38628 /* Main.storyboard in Resources */,
			);
			runOnlyForDeploymentPostprocessing = 0;
		};
/* End PBXResourcesBuildPhase section */

/* Begin PBXSourcesBuildPhase section */
		6765DAF21EFC402600B38628 /* Sources */ = {
			isa = PBXSourcesBuildPhase;
			buildActionMask = 2147483647;
			files = (
				6765DAFC1EFC402600B38628 /* ViewController.swift in Sources */,
				6765DAFA1EFC402600B38628 /* AppDelegate.swift in Sources */,
			);
			runOnlyForDeploymentPostprocessing = 0;
		};
/* End PBXSourcesBuildPhase section */

/* Begin PBXTargetDependency section */
		6765DB1E1EFC41CC00B38628 /* PBXTargetDependency */ = {
			isa = PBXTargetDependency;
			name = SBCardPopup;
			targetProxy = 6765DB1D1EFC41CC00B38628 /* PBXContainerItemProxy */;
		};
/* End PBXTargetDependency section */

/* Begin PBXVariantGroup section */
		6765DAFD1EFC402600B38628 /* Main.storyboard */ = {
			isa = PBXVariantGroup;
			children = (
				6765DAFE1EFC402600B38628 /* Base */,
			);
			name = Main.storyboard;
			sourceTree = "<group>";
		};
		6765DB021EFC402600B38628 /* LaunchScreen.storyboard */ = {
			isa = PBXVariantGroup;
			children = (
				6765DB031EFC402600B38628 /* Base */,
			);
			name = LaunchScreen.storyboard;
			sourceTree = "<group>";
		};
/* End PBXVariantGroup section */

/* Begin XCBuildConfiguration section */
		6765DB061EFC402600B38628 /* Debug */ = {
			isa = XCBuildConfiguration;
			buildSettings = {
				ALWAYS_SEARCH_USER_PATHS = NO;
				CLANG_ANALYZER_NONNULL = YES;
				CLANG_ANALYZER_NUMBER_OBJECT_CONVERSION = YES_AGGRESSIVE;
				CLANG_CXX_LANGUAGE_STANDARD = "gnu++0x";
				CLANG_CXX_LIBRARY = "libc++";
				CLANG_ENABLE_MODULES = YES;
				CLANG_ENABLE_OBJC_ARC = YES;
				CLANG_WARN_BOOL_CONVERSION = YES;
				CLANG_WARN_CONSTANT_CONVERSION = YES;
				CLANG_WARN_DIRECT_OBJC_ISA_USAGE = YES_ERROR;
				CLANG_WARN_DOCUMENTATION_COMMENTS = YES;
				CLANG_WARN_EMPTY_BODY = YES;
				CLANG_WARN_ENUM_CONVERSION = YES;
				CLANG_WARN_INFINITE_RECURSION = YES;
				CLANG_WARN_INT_CONVERSION = YES;
				CLANG_WARN_OBJC_ROOT_CLASS = YES_ERROR;
				CLANG_WARN_SUSPICIOUS_MOVE = YES;
				CLANG_WARN_UNREACHABLE_CODE = YES;
				CLANG_WARN__DUPLICATE_METHOD_MATCH = YES;
				"CODE_SIGN_IDENTITY[sdk=iphoneos*]" = "iPhone Developer";
				COPY_PHASE_STRIP = NO;
				DEBUG_INFORMATION_FORMAT = dwarf;
				ENABLE_STRICT_OBJC_MSGSEND = YES;
				ENABLE_TESTABILITY = YES;
				GCC_C_LANGUAGE_STANDARD = gnu99;
				GCC_DYNAMIC_NO_PIC = NO;
				GCC_NO_COMMON_BLOCKS = YES;
				GCC_OPTIMIZATION_LEVEL = 0;
				GCC_PREPROCESSOR_DEFINITIONS = (
					"DEBUG=1",
					"$(inherited)",
				);
				GCC_WARN_64_TO_32_BIT_CONVERSION = YES;
				GCC_WARN_ABOUT_RETURN_TYPE = YES_ERROR;
				GCC_WARN_UNDECLARED_SELECTOR = YES;
				GCC_WARN_UNINITIALIZED_AUTOS = YES_AGGRESSIVE;
				GCC_WARN_UNUSED_FUNCTION = YES;
				GCC_WARN_UNUSED_VARIABLE = YES;
				IPHONEOS_DEPLOYMENT_TARGET = 10.3;
				MTL_ENABLE_DEBUG_INFO = YES;
				ONLY_ACTIVE_ARCH = YES;
				SDKROOT = iphoneos;
				SWIFT_ACTIVE_COMPILATION_CONDITIONS = DEBUG;
				SWIFT_OPTIMIZATION_LEVEL = "-Onone";
				TARGETED_DEVICE_FAMILY = "1,2";
			};
			name = Debug;
		};
		6765DB071EFC402600B38628 /* Release */ = {
			isa = XCBuildConfiguration;
			buildSettings = {
				ALWAYS_SEARCH_USER_PATHS = NO;
				CLANG_ANALYZER_NONNULL = YES;
				CLANG_ANALYZER_NUMBER_OBJECT_CONVERSION = YES_AGGRESSIVE;
				CLANG_CXX_LANGUAGE_STANDARD = "gnu++0x";
				CLANG_CXX_LIBRARY = "libc++";
				CLANG_ENABLE_MODULES = YES;
				CLANG_ENABLE_OBJC_ARC = YES;
				CLANG_WARN_BOOL_CONVERSION = YES;
				CLANG_WARN_CONSTANT_CONVERSION = YES;
				CLANG_WARN_DIRECT_OBJC_ISA_USAGE = YES_ERROR;
				CLANG_WARN_DOCUMENTATION_COMMENTS = YES;
				CLANG_WARN_EMPTY_BODY = YES;
				CLANG_WARN_ENUM_CONVERSION = YES;
				CLANG_WARN_INFINITE_RECURSION = YES;
				CLANG_WARN_INT_CONVERSION = YES;
				CLANG_WARN_OBJC_ROOT_CLASS = YES_ERROR;
				CLANG_WARN_SUSPICIOUS_MOVE = YES;
				CLANG_WARN_UNREACHABLE_CODE = YES;
				CLANG_WARN__DUPLICATE_METHOD_MATCH = YES;
				"CODE_SIGN_IDENTITY[sdk=iphoneos*]" = "iPhone Developer";
				COPY_PHASE_STRIP = NO;
				DEBUG_INFORMATION_FORMAT = "dwarf-with-dsym";
				ENABLE_NS_ASSERTIONS = NO;
				ENABLE_STRICT_OBJC_MSGSEND = YES;
				GCC_C_LANGUAGE_STANDARD = gnu99;
				GCC_NO_COMMON_BLOCKS = YES;
				GCC_WARN_64_TO_32_BIT_CONVERSION = YES;
				GCC_WARN_ABOUT_RETURN_TYPE = YES_ERROR;
				GCC_WARN_UNDECLARED_SELECTOR = YES;
				GCC_WARN_UNINITIALIZED_AUTOS = YES_AGGRESSIVE;
				GCC_WARN_UNUSED_FUNCTION = YES;
				GCC_WARN_UNUSED_VARIABLE = YES;
				IPHONEOS_DEPLOYMENT_TARGET = 10.3;
				MTL_ENABLE_DEBUG_INFO = NO;
				SDKROOT = iphoneos;
				SWIFT_OPTIMIZATION_LEVEL = "-Owholemodule";
				TARGETED_DEVICE_FAMILY = "1,2";
				VALIDATE_PRODUCT = YES;
			};
			name = Release;
		};
		6765DB091EFC402600B38628 /* Debug */ = {
			isa = XCBuildConfiguration;
			buildSettings = {
				ALWAYS_EMBED_SWIFT_STANDARD_LIBRARIES = YES;
				ASSETCATALOG_COMPILER_APPICON_NAME = AppIcon;
				INFOPLIST_FILE = SBCardPopupExample/Info.plist;
				LD_RUNPATH_SEARCH_PATHS = "$(inherited) @executable_path/Frameworks";
				PRODUCT_BUNDLE_IDENTIFIER = SteveBarnegren.SBCardPopupExample;
				PRODUCT_NAME = "$(TARGET_NAME)";
				SWIFT_VERSION = 3.0;
			};
			name = Debug;
		};
		6765DB0A1EFC402600B38628 /* Release */ = {
			isa = XCBuildConfiguration;
			buildSettings = {
				ALWAYS_EMBED_SWIFT_STANDARD_LIBRARIES = YES;
				ASSETCATALOG_COMPILER_APPICON_NAME = AppIcon;
				INFOPLIST_FILE = SBCardPopupExample/Info.plist;
				LD_RUNPATH_SEARCH_PATHS = "$(inherited) @executable_path/Frameworks";
				PRODUCT_BUNDLE_IDENTIFIER = SteveBarnegren.SBCardPopupExample;
				PRODUCT_NAME = "$(TARGET_NAME)";
				SWIFT_VERSION = 3.0;
			};
			name = Release;
		};
/* End XCBuildConfiguration section */

/* Begin XCConfigurationList section */
		6765DAF11EFC402600B38628 /* Build configuration list for PBXProject "SBCardPopupExample" */ = {
			isa = XCConfigurationList;
			buildConfigurations = (
				6765DB061EFC402600B38628 /* Debug */,
				6765DB071EFC402600B38628 /* Release */,
			);
			defaultConfigurationIsVisible = 0;
			defaultConfigurationName = Release;
		};
		6765DB081EFC402600B38628 /* Build configuration list for PBXNativeTarget "SBCardPopupExample" */ = {
			isa = XCConfigurationList;
			buildConfigurations = (
				6765DB091EFC402600B38628 /* Debug */,
				6765DB0A1EFC402600B38628 /* Release */,
			);
			defaultConfigurationIsVisible = 0;
			defaultConfigurationName = Release;
		};
/* End XCConfigurationList section */
	};
	rootObject = 6765DAEE1EFC402600B38628 /* Project object */;
}
